
Microsoft Visual Studio Solution File, Format Version 12.00
# Visual Studio Version 17
VisualStudioVersion = 17.1.32228.430
MinimumVisualStudioVersion = 10.0.40219.1
Project("{FAE04EC0-301F-11D3-BF4B-00C04F79EFBC}") = "ConsoleApp2", "ConsoleApp2\ConsoleApp2.csproj", "{8B668C00-2459-4F31-A0E3-FA115B9757ED}"
EndProject
Global
	GlobalSection(SolutionConfigurationPlatforms) = preSolution
		Debug|Any CPU = Debug|Any CPU
		Release|Any CPU = Release|Any CPU
	EndGlobalSection
	GlobalSection(ProjectConfigurationPlatforms) = postSolution
		{8B668C00-2459-4F31-A0E3-FA115B9757ED}.Debug|Any CPU.ActiveCfg = Debug|Any CPU
		{8B668C00-2459-4F31-A0E3-FA115B9757ED}.Debug|Any CPU.Build.0 = Debug|Any CPU
		{8B668C00-2459-4F31-A0E3-FA115B9757ED}.Release|Any CPU.ActiveCfg = Release|Any CPU
		{8B668C00-2459-4F31-A0E3-FA115B9757ED}.Release|Any CPU.Build.0 = Release|Any CPU
	EndGlobalSection
	GlobalSection(SolutionProperties) = preSolution
		HideSolutionNode = FALSE
	EndGlobalSection
	GlobalSection(ExtensibilityGlobals) = postSolution
		SolutionGuid = {E78BE67B-E3FF-47FF-B7DF-0154E9512323}
	EndGlobalSection
EndGlobal
